{
  "name": "PyPackage",
  "lockfileVersion": 2,
  "requires": true,
  "packages": {
    "": {
      "dependencies": {
        "pandas": "^0.0.3"
      }
    },
    "node_modules/pandas": {
      "version": "0.0.3",
      "resolved": "https://registry.npmjs.org/pandas/-/pandas-0.0.3.tgz",
      "integrity": "sha1-KhGwIHTw/8wHKccyNVcuWtuw8fc="
    }
  },
  "dependencies": {
    "pandas": {
      "version": "0.0.3",
      "resolved": "https://registry.npmjs.org/pandas/-/pandas-0.0.3.tgz",
      "integrity": "sha1-KhGwIHTw/8wHKccyNVcuWtuw8fc="
    }
  }
}
